
Microsoft Visual Studio Solution File, Format Version 12.00
# Visual Studio Version 17
VisualStudioVersion = 17.1.32421.90
MinimumVisualStudioVersion = 10.0.40219.1
Project("{FAE04EC0-301F-11D3-BF4B-00C04F79EFBC}") = "DiceGame", "DiceGame\DiceGame.csproj", "{9BED398A-A6E8-44C7-8C95-CEA7CD2395B3}"
EndProject
Global
	GlobalSection(SolutionConfigurationPlatforms) = preSolution
		Debug|Any CPU = Debug|Any CPU
		Release|Any CPU = Release|Any CPU
	EndGlobalSection
	GlobalSection(ProjectConfigurationPlatforms) = postSolution
		{9BED398A-A6E8-44C7-8C95-CEA7CD2395B3}.Debug|Any CPU.ActiveCfg = Debug|Any CPU
		{9BED398A-A6E8-44C7-8C95-CEA7CD2395B3}.Debug|Any CPU.Build.0 = Debug|Any CPU
		{9BED398A-A6E8-44C7-8C95-CEA7CD2395B3}.Release|Any CPU.ActiveCfg = Release|Any CPU
		{9BED398A-A6E8-44C7-8C95-CEA7CD2395B3}.Release|Any CPU.Build.0 = Release|Any CPU
	EndGlobalSection
	GlobalSection(SolutionProperties) = preSolution
		HideSolutionNode = FALSE
	EndGlobalSection
	GlobalSection(ExtensibilityGlobals) = postSolution
		SolutionGuid = {00CE486F-4D67-4CEF-9148-190514C7D6A2}
	EndGlobalSection
EndGlobal
